
Microsoft Visual Studio Solution File, Format Version 12.00
# Visual Studio Version 17
VisualStudioVersion = 17.0.31903.59
MinimumVisualStudioVersion = 10.0.40219.1
Project("{FAE04EC0-301F-11D3-BF4B-00C04F79EFBC}") = "Jailbreak", "Jailbreak\Jailbreak.csproj", "{9728FB77-D631-4FF6-913A-5469CB1729F1}"
EndProject
Project("{FAE04EC0-301F-11D3-BF4B-00C04F79EFBC}") = "JailbreakApi", "JailbreakApi\JailbreakApi.csproj", "{379C4BFC-BF53-434C-8B00-E43C64745B14}"
EndProject
Project("{2150E333-8FDC-42A3-9474-1A3956D46DE8}") = "SpecialDays", "SpecialDays", "{02EA681E-C7D8-13C7-8484-4AC65E1B71E8}"
EndProject
Project("{FAE04EC0-301F-11D3-BF4B-00C04F79EFBC}") = "NoScope", "SpecialDays\KnifeFight\NoScope.csproj", "{141BE05E-482F-46E6-88AC-7FC52954166A}"
EndProject
Project("{FAE04EC0-301F-11D3-BF4B-00C04F79EFBC}") = "OneInTheChamber", "SpecialDays\OneInTheChamber\OneInTheChamber.csproj", "{51B19C8C-68E8-404E-A8B0-F6C42BAF760A}"
EndProject
Project("{FAE04EC0-301F-11D3-BF4B-00C04F79EFBC}") = "Teleport", "SpecialDays\Teleport\Teleport.csproj", "{8551C8BB-B597-44AF-A719-E77F95D19FC8}"
EndProject
Project("{FAE04EC0-301F-11D3-BF4B-00C04F79EFBC}") = "Zombie", "SpecialDays\Zombie\Zombie.csproj", "{F74F40C4-B29A-4CD0-B9D4-9B34BF1374E6}"
EndProject
Global
	GlobalSection(SolutionConfigurationPlatforms) = preSolution
		Debug|Any CPU = Debug|Any CPU
		Debug|x64 = Debug|x64
		Debug|x86 = Debug|x86
		Release|Any CPU = Release|Any CPU
		Release|x64 = Release|x64
		Release|x86 = Release|x86
	EndGlobalSection
	GlobalSection(ProjectConfigurationPlatforms) = postSolution
		{9728FB77-D631-4FF6-913A-5469CB1729F1}.Debug|Any CPU.ActiveCfg = Debug|Any CPU
		{9728FB77-D631-4FF6-913A-5469CB1729F1}.Debug|Any CPU.Build.0 = Debug|Any CPU
		{9728FB77-D631-4FF6-913A-5469CB1729F1}.Debug|x64.ActiveCfg = Debug|Any CPU
		{9728FB77-D631-4FF6-913A-5469CB1729F1}.Debug|x64.Build.0 = Debug|Any CPU
		{9728FB77-D631-4FF6-913A-5469CB1729F1}.Debug|x86.ActiveCfg = Debug|Any CPU
		{9728FB77-D631-4FF6-913A-5469CB1729F1}.Debug|x86.Build.0 = Debug|Any CPU
		{9728FB77-D631-4FF6-913A-5469CB1729F1}.Release|Any CPU.ActiveCfg = Release|Any CPU
		{9728FB77-D631-4FF6-913A-5469CB1729F1}.Release|Any CPU.Build.0 = Release|Any CPU
		{9728FB77-D631-4FF6-913A-5469CB1729F1}.Release|x64.ActiveCfg = Release|Any CPU
		{9728FB77-D631-4FF6-913A-5469CB1729F1}.Release|x64.Build.0 = Release|Any CPU
		{9728FB77-D631-4FF6-913A-5469CB1729F1}.Release|x86.ActiveCfg = Release|Any CPU
		{9728FB77-D631-4FF6-913A-5469CB1729F1}.Release|x86.Build.0 = Release|Any CPU
		{379C4BFC-BF53-434C-8B00-E43C64745B14}.Debug|Any CPU.ActiveCfg = Debug|Any CPU
		{379C4BFC-BF53-434C-8B00-E43C64745B14}.Debug|Any CPU.Build.0 = Debug|Any CPU
		{379C4BFC-BF53-434C-8B00-E43C64745B14}.Debug|x64.ActiveCfg = Debug|Any CPU
		{379C4BFC-BF53-434C-8B00-E43C64745B14}.Debug|x64.Build.0 = Debug|Any CPU
		{379C4BFC-BF53-434C-8B00-E43C64745B14}.Debug|x86.ActiveCfg = Debug|Any CPU
		{379C4BFC-BF53-434C-8B00-E43C64745B14}.Debug|x86.Build.0 = Debug|Any CPU
		{379C4BFC-BF53-434C-8B00-E43C64745B14}.Release|Any CPU.ActiveCfg = Release|Any CPU
		{379C4BFC-BF53-434C-8B00-E43C64745B14}.Release|Any CPU.Build.0 = Release|Any CPU
		{379C4BFC-BF53-434C-8B00-E43C64745B14}.Release|x64.ActiveCfg = Release|Any CPU
		{379C4BFC-BF53-434C-8B00-E43C64745B14}.Release|x64.Build.0 = Release|Any CPU
		{379C4BFC-BF53-434C-8B00-E43C64745B14}.Release|x86.ActiveCfg = Release|Any CPU
		{379C4BFC-BF53-434C-8B00-E43C64745B14}.Release|x86.Build.0 = Release|Any CPU
		{141BE05E-482F-46E6-88AC-7FC52954166A}.Debug|Any CPU.ActiveCfg = Debug|Any CPU
		{141BE05E-482F-46E6-88AC-7FC52954166A}.Debug|Any CPU.Build.0 = Debug|Any CPU
		{141BE05E-482F-46E6-88AC-7FC52954166A}.Debug|x64.ActiveCfg = Debug|Any CPU
		{141BE05E-482F-46E6-88AC-7FC52954166A}.Debug|x64.Build.0 = Debug|Any CPU
		{141BE05E-482F-46E6-88AC-7FC52954166A}.Debug|x86.ActiveCfg = Debug|Any CPU
		{141BE05E-482F-46E6-88AC-7FC52954166A}.Debug|x86.Build.0 = Debug|Any CPU
		{141BE05E-482F-46E6-88AC-7FC52954166A}.Release|Any CPU.ActiveCfg = Release|Any CPU
		{141BE05E-482F-46E6-88AC-7FC52954166A}.Release|Any CPU.Build.0 = Release|Any CPU
		{141BE05E-482F-46E6-88AC-7FC52954166A}.Release|x64.ActiveCfg = Release|Any CPU
		{141BE05E-482F-46E6-88AC-7FC52954166A}.Release|x64.Build.0 = Release|Any CPU
		{141BE05E-482F-46E6-88AC-7FC52954166A}.Release|x86.ActiveCfg = Release|Any CPU
		{141BE05E-482F-46E6-88AC-7FC52954166A}.Release|x86.Build.0 = Release|Any CPU
		{51B19C8C-68E8-404E-A8B0-F6C42BAF760A}.Debug|Any CPU.ActiveCfg = Debug|Any CPU
		{51B19C8C-68E8-404E-A8B0-F6C42BAF760A}.Debug|Any CPU.Build.0 = Debug|Any CPU
		{51B19C8C-68E8-404E-A8B0-F6C42BAF760A}.Debug|x64.ActiveCfg = Debug|Any CPU
		{51B19C8C-68E8-404E-A8B0-F6C42BAF760A}.Debug|x64.Build.0 = Debug|Any CPU
		{51B19C8C-68E8-404E-A8B0-F6C42BAF760A}.Debug|x86.ActiveCfg = Debug|Any CPU
		{51B19C8C-68E8-404E-A8B0-F6C42BAF760A}.Debug|x86.Build.0 = Debug|Any CPU
		{51B19C8C-68E8-404E-A8B0-F6C42BAF760A}.Release|Any CPU.ActiveCfg = Release|Any CPU
		{51B19C8C-68E8-404E-A8B0-F6C42BAF760A}.Release|Any CPU.Build.0 = Release|Any CPU
		{51B19C8C-68E8-404E-A8B0-F6C42BAF760A}.Release|x64.ActiveCfg = Release|Any CPU
		{51B19C8C-68E8-404E-A8B0-F6C42BAF760A}.Release|x64.Build.0 = Release|Any CPU
		{51B19C8C-68E8-404E-A8B0-F6C42BAF760A}.Release|x86.ActiveCfg = Release|Any CPU
		{51B19C8C-68E8-404E-A8B0-F6C42BAF760A}.Release|x86.Build.0 = Release|Any CPU
		{8551C8BB-B597-44AF-A719-E77F95D19FC8}.Debug|Any CPU.ActiveCfg = Debug|Any CPU
		{8551C8BB-B597-44AF-A719-E77F95D19FC8}.Debug|Any CPU.Build.0 = Debug|Any CPU
		{8551C8BB-B597-44AF-A719-E77F95D19FC8}.Debug|x64.ActiveCfg = Debug|Any CPU
		{8551C8BB-B597-44AF-A719-E77F95D19FC8}.Debug|x64.Build.0 = Debug|Any CPU
		{8551C8BB-B597-44AF-A719-E77F95D19FC8}.Debug|x86.ActiveCfg = Debug|Any CPU
		{8551C8BB-B597-44AF-A719-E77F95D19FC8}.Debug|x86.Build.0 = Debug|Any CPU
		{8551C8BB-B597-44AF-A719-E77F95D19FC8}.Release|Any CPU.ActiveCfg = Release|Any CPU
		{8551C8BB-B597-44AF-A719-E77F95D19FC8}.Release|Any CPU.Build.0 = Release|Any CPU
		{8551C8BB-B597-44AF-A719-E77F95D19FC8}.Release|x64.ActiveCfg = Release|Any CPU
		{8551C8BB-B597-44AF-A719-E77F95D19FC8}.Release|x64.Build.0 = Release|Any CPU
		{8551C8BB-B597-44AF-A719-E77F95D19FC8}.Release|x86.ActiveCfg = Release|Any CPU
		{8551C8BB-B597-44AF-A719-E77F95D19FC8}.Release|x86.Build.0 = Release|Any CPU
		{F74F40C4-B29A-4CD0-B9D4-9B34BF1374E6}.Debug|Any CPU.ActiveCfg = Debug|Any CPU
		{F74F40C4-B29A-4CD0-B9D4-9B34BF1374E6}.Debug|Any CPU.Build.0 = Debug|Any CPU
		{F74F40C4-B29A-4CD0-B9D4-9B34BF1374E6}.Debug|x64.ActiveCfg = Debug|Any CPU
		{F74F40C4-B29A-4CD0-B9D4-9B34BF1374E6}.Debug|x64.Build.0 = Debug|Any CPU
		{F74F40C4-B29A-4CD0-B9D4-9B34BF1374E6}.Debug|x86.ActiveCfg = Debug|Any CPU
		{F74F40C4-B29A-4CD0-B9D4-9B34BF1374E6}.Debug|x86.Build.0 = Debug|Any CPU
		{F74F40C4-B29A-4CD0-B9D4-9B34BF1374E6}.Release|Any CPU.ActiveCfg = Release|Any CPU
		{F74F40C4-B29A-4CD0-B9D4-9B34BF1374E6}.Release|Any CPU.Build.0 = Release|Any CPU
		{F74F40C4-B29A-4CD0-B9D4-9B34BF1374E6}.Release|x64.ActiveCfg = Release|Any CPU
		{F74F40C4-B29A-4CD0-B9D4-9B34BF1374E6}.Release|x64.Build.0 = Release|Any CPU
		{F74F40C4-B29A-4CD0-B9D4-9B34BF1374E6}.Release|x86.ActiveCfg = Release|Any CPU
		{F74F40C4-B29A-4CD0-B9D4-9B34BF1374E6}.Release|x86.Build.0 = Release|Any CPU
	EndGlobalSection
	GlobalSection(SolutionProperties) = preSolution
		HideSolutionNode = FALSE
	EndGlobalSection
	GlobalSection(NestedProjects) = preSolution
		{141BE05E-482F-46E6-88AC-7FC52954166A} = {02EA681E-C7D8-13C7-8484-4AC65E1B71E8}
		{51B19C8C-68E8-404E-A8B0-F6C42BAF760A} = {02EA681E-C7D8-13C7-8484-4AC65E1B71E8}
		{8551C8BB-B597-44AF-A719-E77F95D19FC8} = {02EA681E-C7D8-13C7-8484-4AC65E1B71E8}
		{F74F40C4-B29A-4CD0-B9D4-9B34BF1374E6} = {02EA681E-C7D8-13C7-8484-4AC65E1B71E8}
	EndGlobalSection
	GlobalSection(ExtensibilityGlobals) = postSolution
		SolutionGuid = {7E1F0E07-0B7A-4D39-BF70-EC1DD59ACD3A}
	EndGlobalSection
EndGlobal
