
Microsoft Visual Studio Solution File, Format Version 12.00
# Visual Studio Version 17
VisualStudioVersion = 17.0.31903.59
MinimumVisualStudioVersion = 10.0.40219.1
Project("{FAE04EC0-301F-11D3-BF4B-00C04F79EFBC}") = "JailbreakApi", "JailbreakApi\JailbreakApi.csproj", "{379C4BFC-BF53-434C-8B00-E43C64745B14}"
EndProject
Project("{FAE04EC0-301F-11D3-BF4B-00C04F79EFBC}") = "JailbreakCore", "JailbreakCore\JailbreakCore.csproj", "{97391AE9-EEF7-0CAA-746E-C8521AC35A42}"
EndProject
Project("{2150E333-8FDC-42A3-9474-1A3956D46DE8}") = "Modules", "Modules", "{CA253913-39DE-BFD0-C9A3-4B7EC6FBDF17}"
EndProject
Project("{2150E333-8FDC-42A3-9474-1A3956D46DE8}") = "SpecialDays", "SpecialDays", "{A1909A3F-F38D-8302-8D55-732C5CC4829A}"
EndProject
Project("{2150E333-8FDC-42A3-9474-1A3956D46DE8}") = "NoScope", "NoScope", "{A2F69031-60FE-3A44-9776-0AD9CF9A1EEE}"
EndProject
Project("{FAE04EC0-301F-11D3-BF4B-00C04F79EFBC}") = "SD_NoScope", "Modules\SpecialDays\NoScope\SD_NoScope.csproj", "{01EA424D-6A3E-4231-8D7A-1A3843FDDF6C}"
EndProject
Project("{2150E333-8FDC-42A3-9474-1A3956D46DE8}") = "OneInTheChamber", "OneInTheChamber", "{8078A0AE-7259-527B-109B-02E97755F8BF}"
EndProject
Project("{FAE04EC0-301F-11D3-BF4B-00C04F79EFBC}") = "SD_OneInTheChamber", "Modules\SpecialDays\OneInTheChamber\SD_OneInTheChamber.csproj", "{C8DF915B-ACAB-4EC0-8822-A5DF12A94A3C}"
EndProject
Project("{2150E333-8FDC-42A3-9474-1A3956D46DE8}") = "Teleport", "Teleport", "{3B37A663-A435-9635-056C-DB0F6B81FCDB}"
EndProject
Project("{FAE04EC0-301F-11D3-BF4B-00C04F79EFBC}") = "SD_Teleport", "Modules\SpecialDays\Teleport\SD_Teleport.csproj", "{B835D7CE-9525-4E49-A07A-8F8E44A0E958}"
EndProject
Project("{2150E333-8FDC-42A3-9474-1A3956D46DE8}") = "Zombie", "Zombie", "{038352A6-645A-2A81-F1A6-E454B46CD833}"
EndProject
Project("{FAE04EC0-301F-11D3-BF4B-00C04F79EFBC}") = "SD_Zombie", "Modules\SpecialDays\Zombie\SD_Zombie.csproj", "{F583F1CA-1B33-4136-842D-9AD96BE0682A}"
EndProject
Project("{2150E333-8FDC-42A3-9474-1A3956D46DE8}") = "LastRequests", "LastRequests", "{B24E5802-1ED2-5D48-168F-39A98F626C87}"
EndProject
Project("{2150E333-8FDC-42A3-9474-1A3956D46DE8}") = "KnifeFight", "KnifeFight", "{D93305FB-56F8-8FA2-4D77-E74080557FBF}"
EndProject
Project("{FAE04EC0-301F-11D3-BF4B-00C04F79EFBC}") = "LR_KnifeFight", "Modules\LastRequests\KnifeFight\LR_KnifeFight.csproj", "{40231D69-2129-4697-A311-A1379A97D34D}"
EndProject
Project("{2150E333-8FDC-42A3-9474-1A3956D46DE8}") = "OnlyHeadshot", "OnlyHeadshot", "{C5D5E296-A883-0F15-7E9E-2B7ECD4CD14E}"
EndProject
Project("{FAE04EC0-301F-11D3-BF4B-00C04F79EFBC}") = "LR_OnlyHeadshot", "Modules\LastRequests\OnlyHeadshot\LR_OnlyHeadshot.csproj", "{94BD6871-80BC-4020-A04A-FAE3AEC41731}"
EndProject
Project("{2150E333-8FDC-42A3-9474-1A3956D46DE8}") = "ShotForShot", "ShotForShot", "{818459D2-634D-EBEF-3BAE-A1FB2F10E41E}"
EndProject
Project("{FAE04EC0-301F-11D3-BF4B-00C04F79EFBC}") = "LR_ShotForShot", "Modules\LastRequests\ShotForShot\LR_ShotForShot.csproj", "{8939219D-A340-490E-9F84-E2B2344790B7}"
EndProject
Global
	GlobalSection(SolutionConfigurationPlatforms) = preSolution
		Debug|Any CPU = Debug|Any CPU
		Debug|x64 = Debug|x64
		Debug|x86 = Debug|x86
		Release|Any CPU = Release|Any CPU
		Release|x64 = Release|x64
		Release|x86 = Release|x86
	EndGlobalSection
	GlobalSection(ProjectConfigurationPlatforms) = postSolution
		{379C4BFC-BF53-434C-8B00-E43C64745B14}.Debug|Any CPU.ActiveCfg = Debug|Any CPU
		{379C4BFC-BF53-434C-8B00-E43C64745B14}.Debug|Any CPU.Build.0 = Debug|Any CPU
		{379C4BFC-BF53-434C-8B00-E43C64745B14}.Debug|x64.ActiveCfg = Debug|Any CPU
		{379C4BFC-BF53-434C-8B00-E43C64745B14}.Debug|x64.Build.0 = Debug|Any CPU
		{379C4BFC-BF53-434C-8B00-E43C64745B14}.Debug|x86.ActiveCfg = Debug|Any CPU
		{379C4BFC-BF53-434C-8B00-E43C64745B14}.Debug|x86.Build.0 = Debug|Any CPU
		{379C4BFC-BF53-434C-8B00-E43C64745B14}.Release|Any CPU.ActiveCfg = Release|Any CPU
		{379C4BFC-BF53-434C-8B00-E43C64745B14}.Release|Any CPU.Build.0 = Release|Any CPU
		{379C4BFC-BF53-434C-8B00-E43C64745B14}.Release|x64.ActiveCfg = Release|Any CPU
		{379C4BFC-BF53-434C-8B00-E43C64745B14}.Release|x64.Build.0 = Release|Any CPU
		{379C4BFC-BF53-434C-8B00-E43C64745B14}.Release|x86.ActiveCfg = Release|Any CPU
		{379C4BFC-BF53-434C-8B00-E43C64745B14}.Release|x86.Build.0 = Release|Any CPU
		{97391AE9-EEF7-0CAA-746E-C8521AC35A42}.Debug|Any CPU.ActiveCfg = Debug|Any CPU
		{97391AE9-EEF7-0CAA-746E-C8521AC35A42}.Debug|Any CPU.Build.0 = Debug|Any CPU
		{97391AE9-EEF7-0CAA-746E-C8521AC35A42}.Debug|x64.ActiveCfg = Debug|Any CPU
		{97391AE9-EEF7-0CAA-746E-C8521AC35A42}.Debug|x64.Build.0 = Debug|Any CPU
		{97391AE9-EEF7-0CAA-746E-C8521AC35A42}.Debug|x86.ActiveCfg = Debug|Any CPU
		{97391AE9-EEF7-0CAA-746E-C8521AC35A42}.Debug|x86.Build.0 = Debug|Any CPU
		{97391AE9-EEF7-0CAA-746E-C8521AC35A42}.Release|Any CPU.ActiveCfg = Release|Any CPU
		{97391AE9-EEF7-0CAA-746E-C8521AC35A42}.Release|Any CPU.Build.0 = Release|Any CPU
		{97391AE9-EEF7-0CAA-746E-C8521AC35A42}.Release|x64.ActiveCfg = Release|Any CPU
		{97391AE9-EEF7-0CAA-746E-C8521AC35A42}.Release|x64.Build.0 = Release|Any CPU
		{97391AE9-EEF7-0CAA-746E-C8521AC35A42}.Release|x86.ActiveCfg = Release|Any CPU
		{97391AE9-EEF7-0CAA-746E-C8521AC35A42}.Release|x86.Build.0 = Release|Any CPU
		{01EA424D-6A3E-4231-8D7A-1A3843FDDF6C}.Debug|Any CPU.ActiveCfg = Debug|Any CPU
		{01EA424D-6A3E-4231-8D7A-1A3843FDDF6C}.Debug|Any CPU.Build.0 = Debug|Any CPU
		{01EA424D-6A3E-4231-8D7A-1A3843FDDF6C}.Debug|x64.ActiveCfg = Debug|Any CPU
		{01EA424D-6A3E-4231-8D7A-1A3843FDDF6C}.Debug|x64.Build.0 = Debug|Any CPU
		{01EA424D-6A3E-4231-8D7A-1A3843FDDF6C}.Debug|x86.ActiveCfg = Debug|Any CPU
		{01EA424D-6A3E-4231-8D7A-1A3843FDDF6C}.Debug|x86.Build.0 = Debug|Any CPU
		{01EA424D-6A3E-4231-8D7A-1A3843FDDF6C}.Release|Any CPU.ActiveCfg = Release|Any CPU
		{01EA424D-6A3E-4231-8D7A-1A3843FDDF6C}.Release|Any CPU.Build.0 = Release|Any CPU
		{01EA424D-6A3E-4231-8D7A-1A3843FDDF6C}.Release|x64.ActiveCfg = Release|Any CPU
		{01EA424D-6A3E-4231-8D7A-1A3843FDDF6C}.Release|x64.Build.0 = Release|Any CPU
		{01EA424D-6A3E-4231-8D7A-1A3843FDDF6C}.Release|x86.ActiveCfg = Release|Any CPU
		{01EA424D-6A3E-4231-8D7A-1A3843FDDF6C}.Release|x86.Build.0 = Release|Any CPU
		{C8DF915B-ACAB-4EC0-8822-A5DF12A94A3C}.Debug|Any CPU.ActiveCfg = Debug|Any CPU
		{C8DF915B-ACAB-4EC0-8822-A5DF12A94A3C}.Debug|Any CPU.Build.0 = Debug|Any CPU
		{C8DF915B-ACAB-4EC0-8822-A5DF12A94A3C}.Debug|x64.ActiveCfg = Debug|Any CPU
		{C8DF915B-ACAB-4EC0-8822-A5DF12A94A3C}.Debug|x64.Build.0 = Debug|Any CPU
		{C8DF915B-ACAB-4EC0-8822-A5DF12A94A3C}.Debug|x86.ActiveCfg = Debug|Any CPU
		{C8DF915B-ACAB-4EC0-8822-A5DF12A94A3C}.Debug|x86.Build.0 = Debug|Any CPU
		{C8DF915B-ACAB-4EC0-8822-A5DF12A94A3C}.Release|Any CPU.ActiveCfg = Release|Any CPU
		{C8DF915B-ACAB-4EC0-8822-A5DF12A94A3C}.Release|Any CPU.Build.0 = Release|Any CPU
		{C8DF915B-ACAB-4EC0-8822-A5DF12A94A3C}.Release|x64.ActiveCfg = Release|Any CPU
		{C8DF915B-ACAB-4EC0-8822-A5DF12A94A3C}.Release|x64.Build.0 = Release|Any CPU
		{C8DF915B-ACAB-4EC0-8822-A5DF12A94A3C}.Release|x86.ActiveCfg = Release|Any CPU
		{C8DF915B-ACAB-4EC0-8822-A5DF12A94A3C}.Release|x86.Build.0 = Release|Any CPU
		{B835D7CE-9525-4E49-A07A-8F8E44A0E958}.Debug|Any CPU.ActiveCfg = Debug|Any CPU
		{B835D7CE-9525-4E49-A07A-8F8E44A0E958}.Debug|Any CPU.Build.0 = Debug|Any CPU
		{B835D7CE-9525-4E49-A07A-8F8E44A0E958}.Debug|x64.ActiveCfg = Debug|Any CPU
		{B835D7CE-9525-4E49-A07A-8F8E44A0E958}.Debug|x64.Build.0 = Debug|Any CPU
		{B835D7CE-9525-4E49-A07A-8F8E44A0E958}.Debug|x86.ActiveCfg = Debug|Any CPU
		{B835D7CE-9525-4E49-A07A-8F8E44A0E958}.Debug|x86.Build.0 = Debug|Any CPU
		{B835D7CE-9525-4E49-A07A-8F8E44A0E958}.Release|Any CPU.ActiveCfg = Release|Any CPU
		{B835D7CE-9525-4E49-A07A-8F8E44A0E958}.Release|Any CPU.Build.0 = Release|Any CPU
		{B835D7CE-9525-4E49-A07A-8F8E44A0E958}.Release|x64.ActiveCfg = Release|Any CPU
		{B835D7CE-9525-4E49-A07A-8F8E44A0E958}.Release|x64.Build.0 = Release|Any CPU
		{B835D7CE-9525-4E49-A07A-8F8E44A0E958}.Release|x86.ActiveCfg = Release|Any CPU
		{B835D7CE-9525-4E49-A07A-8F8E44A0E958}.Release|x86.Build.0 = Release|Any CPU
		{F583F1CA-1B33-4136-842D-9AD96BE0682A}.Debug|Any CPU.ActiveCfg = Debug|Any CPU
		{F583F1CA-1B33-4136-842D-9AD96BE0682A}.Debug|Any CPU.Build.0 = Debug|Any CPU
		{F583F1CA-1B33-4136-842D-9AD96BE0682A}.Debug|x64.ActiveCfg = Debug|Any CPU
		{F583F1CA-1B33-4136-842D-9AD96BE0682A}.Debug|x64.Build.0 = Debug|Any CPU
		{F583F1CA-1B33-4136-842D-9AD96BE0682A}.Debug|x86.ActiveCfg = Debug|Any CPU
		{F583F1CA-1B33-4136-842D-9AD96BE0682A}.Debug|x86.Build.0 = Debug|Any CPU
		{F583F1CA-1B33-4136-842D-9AD96BE0682A}.Release|Any CPU.ActiveCfg = Release|Any CPU
		{F583F1CA-1B33-4136-842D-9AD96BE0682A}.Release|Any CPU.Build.0 = Release|Any CPU
		{F583F1CA-1B33-4136-842D-9AD96BE0682A}.Release|x64.ActiveCfg = Release|Any CPU
		{F583F1CA-1B33-4136-842D-9AD96BE0682A}.Release|x64.Build.0 = Release|Any CPU
		{F583F1CA-1B33-4136-842D-9AD96BE0682A}.Release|x86.ActiveCfg = Release|Any CPU
		{F583F1CA-1B33-4136-842D-9AD96BE0682A}.Release|x86.Build.0 = Release|Any CPU
		{40231D69-2129-4697-A311-A1379A97D34D}.Debug|Any CPU.ActiveCfg = Debug|Any CPU
		{40231D69-2129-4697-A311-A1379A97D34D}.Debug|Any CPU.Build.0 = Debug|Any CPU
		{40231D69-2129-4697-A311-A1379A97D34D}.Debug|x64.ActiveCfg = Debug|Any CPU
		{40231D69-2129-4697-A311-A1379A97D34D}.Debug|x64.Build.0 = Debug|Any CPU
		{40231D69-2129-4697-A311-A1379A97D34D}.Debug|x86.ActiveCfg = Debug|Any CPU
		{40231D69-2129-4697-A311-A1379A97D34D}.Debug|x86.Build.0 = Debug|Any CPU
		{40231D69-2129-4697-A311-A1379A97D34D}.Release|Any CPU.ActiveCfg = Release|Any CPU
		{40231D69-2129-4697-A311-A1379A97D34D}.Release|Any CPU.Build.0 = Release|Any CPU
		{40231D69-2129-4697-A311-A1379A97D34D}.Release|x64.ActiveCfg = Release|Any CPU
		{40231D69-2129-4697-A311-A1379A97D34D}.Release|x64.Build.0 = Release|Any CPU
		{40231D69-2129-4697-A311-A1379A97D34D}.Release|x86.ActiveCfg = Release|Any CPU
		{40231D69-2129-4697-A311-A1379A97D34D}.Release|x86.Build.0 = Release|Any CPU
		{94BD6871-80BC-4020-A04A-FAE3AEC41731}.Debug|Any CPU.ActiveCfg = Debug|Any CPU
		{94BD6871-80BC-4020-A04A-FAE3AEC41731}.Debug|Any CPU.Build.0 = Debug|Any CPU
		{94BD6871-80BC-4020-A04A-FAE3AEC41731}.Debug|x64.ActiveCfg = Debug|Any CPU
		{94BD6871-80BC-4020-A04A-FAE3AEC41731}.Debug|x64.Build.0 = Debug|Any CPU
		{94BD6871-80BC-4020-A04A-FAE3AEC41731}.Debug|x86.ActiveCfg = Debug|Any CPU
		{94BD6871-80BC-4020-A04A-FAE3AEC41731}.Debug|x86.Build.0 = Debug|Any CPU
		{94BD6871-80BC-4020-A04A-FAE3AEC41731}.Release|Any CPU.ActiveCfg = Release|Any CPU
		{94BD6871-80BC-4020-A04A-FAE3AEC41731}.Release|Any CPU.Build.0 = Release|Any CPU
		{94BD6871-80BC-4020-A04A-FAE3AEC41731}.Release|x64.ActiveCfg = Release|Any CPU
		{94BD6871-80BC-4020-A04A-FAE3AEC41731}.Release|x64.Build.0 = Release|Any CPU
		{94BD6871-80BC-4020-A04A-FAE3AEC41731}.Release|x86.ActiveCfg = Release|Any CPU
		{94BD6871-80BC-4020-A04A-FAE3AEC41731}.Release|x86.Build.0 = Release|Any CPU
		{8939219D-A340-490E-9F84-E2B2344790B7}.Debug|Any CPU.ActiveCfg = Debug|Any CPU
		{8939219D-A340-490E-9F84-E2B2344790B7}.Debug|Any CPU.Build.0 = Debug|Any CPU
		{8939219D-A340-490E-9F84-E2B2344790B7}.Debug|x64.ActiveCfg = Debug|Any CPU
		{8939219D-A340-490E-9F84-E2B2344790B7}.Debug|x64.Build.0 = Debug|Any CPU
		{8939219D-A340-490E-9F84-E2B2344790B7}.Debug|x86.ActiveCfg = Debug|Any CPU
		{8939219D-A340-490E-9F84-E2B2344790B7}.Debug|x86.Build.0 = Debug|Any CPU
		{8939219D-A340-490E-9F84-E2B2344790B7}.Release|Any CPU.ActiveCfg = Release|Any CPU
		{8939219D-A340-490E-9F84-E2B2344790B7}.Release|Any CPU.Build.0 = Release|Any CPU
		{8939219D-A340-490E-9F84-E2B2344790B7}.Release|x64.ActiveCfg = Release|Any CPU
		{8939219D-A340-490E-9F84-E2B2344790B7}.Release|x64.Build.0 = Release|Any CPU
		{8939219D-A340-490E-9F84-E2B2344790B7}.Release|x86.ActiveCfg = Release|Any CPU
		{8939219D-A340-490E-9F84-E2B2344790B7}.Release|x86.Build.0 = Release|Any CPU
	EndGlobalSection
	GlobalSection(SolutionProperties) = preSolution
		HideSolutionNode = FALSE
	EndGlobalSection
	GlobalSection(NestedProjects) = preSolution
		{A1909A3F-F38D-8302-8D55-732C5CC4829A} = {CA253913-39DE-BFD0-C9A3-4B7EC6FBDF17}
		{A2F69031-60FE-3A44-9776-0AD9CF9A1EEE} = {A1909A3F-F38D-8302-8D55-732C5CC4829A}
		{01EA424D-6A3E-4231-8D7A-1A3843FDDF6C} = {A2F69031-60FE-3A44-9776-0AD9CF9A1EEE}
		{8078A0AE-7259-527B-109B-02E97755F8BF} = {A1909A3F-F38D-8302-8D55-732C5CC4829A}
		{C8DF915B-ACAB-4EC0-8822-A5DF12A94A3C} = {8078A0AE-7259-527B-109B-02E97755F8BF}
		{3B37A663-A435-9635-056C-DB0F6B81FCDB} = {A1909A3F-F38D-8302-8D55-732C5CC4829A}
		{B835D7CE-9525-4E49-A07A-8F8E44A0E958} = {3B37A663-A435-9635-056C-DB0F6B81FCDB}
		{038352A6-645A-2A81-F1A6-E454B46CD833} = {A1909A3F-F38D-8302-8D55-732C5CC4829A}
		{F583F1CA-1B33-4136-842D-9AD96BE0682A} = {038352A6-645A-2A81-F1A6-E454B46CD833}
		{B24E5802-1ED2-5D48-168F-39A98F626C87} = {CA253913-39DE-BFD0-C9A3-4B7EC6FBDF17}
		{D93305FB-56F8-8FA2-4D77-E74080557FBF} = {B24E5802-1ED2-5D48-168F-39A98F626C87}
		{40231D69-2129-4697-A311-A1379A97D34D} = {D93305FB-56F8-8FA2-4D77-E74080557FBF}
		{C5D5E296-A883-0F15-7E9E-2B7ECD4CD14E} = {B24E5802-1ED2-5D48-168F-39A98F626C87}
		{94BD6871-80BC-4020-A04A-FAE3AEC41731} = {C5D5E296-A883-0F15-7E9E-2B7ECD4CD14E}
		{818459D2-634D-EBEF-3BAE-A1FB2F10E41E} = {B24E5802-1ED2-5D48-168F-39A98F626C87}
		{8939219D-A340-490E-9F84-E2B2344790B7} = {818459D2-634D-EBEF-3BAE-A1FB2F10E41E}
	EndGlobalSection
	GlobalSection(ExtensibilityGlobals) = postSolution
		SolutionGuid = {7E1F0E07-0B7A-4D39-BF70-EC1DD59ACD3A}
	EndGlobalSection
EndGlobal
